
Microsoft Visual Studio Solution File, Format Version 12.00
# Visual Studio Version 17
VisualStudioVersion = 17.6.33815.320
MinimumVisualStudioVersion = 10.0.40219.1
Project("{FAE04EC0-301F-11D3-BF4B-00C04F79EFBC}") = "CarDealershipWebsite", "CarDealershipWebsite\CarDealershipWebsite.csproj", "{6F16E678-6D28-484A-A1CB-3D30A11431D2}"
EndProject
Global
	GlobalSection(SolutionConfigurationPlatforms) = preSolution
		Debug|Any CPU = Debug|Any CPU
		Release|Any CPU = Release|Any CPU
	EndGlobalSection
	GlobalSection(ProjectConfigurationPlatforms) = postSolution
		{6F16E678-6D28-484A-A1CB-3D30A11431D2}.Debug|Any CPU.ActiveCfg = Debug|Any CPU
		{6F16E678-6D28-484A-A1CB-3D30A11431D2}.Debug|Any CPU.Build.0 = Debug|Any CPU
		{6F16E678-6D28-484A-A1CB-3D30A11431D2}.Release|Any CPU.ActiveCfg = Release|Any CPU
		{6F16E678-6D28-484A-A1CB-3D30A11431D2}.Release|Any CPU.Build.0 = Release|Any CPU
	EndGlobalSection
	GlobalSection(SolutionProperties) = preSolution
		HideSolutionNode = FALSE
	EndGlobalSection
	GlobalSection(ExtensibilityGlobals) = postSolution
		SolutionGuid = {7A10269C-B231-4AF3-AE49-622E18BDBDB7}
	EndGlobalSection
EndGlobal
